
Microsoft Visual Studio Solution File, Format Version 12.00
# Visual Studio Version 16
VisualStudioVersion = 16.0.30330.147
MinimumVisualStudioVersion = 10.0.40219.1
Project("{FAE04EC0-301F-11D3-BF4B-00C04F79EFBC}") = "NotepadApi", "NotepadApi\NotepadApi.csproj", "{C3A07ABB-2BDB-4584-8328-16A39E29DCA0}"
EndProject
Global
	GlobalSection(SolutionConfigurationPlatforms) = preSolution
		Debug|Any CPU = Debug|Any CPU
		Release|Any CPU = Release|Any CPU
	EndGlobalSection
	GlobalSection(ProjectConfigurationPlatforms) = postSolution
		{C3A07ABB-2BDB-4584-8328-16A39E29DCA0}.Debug|Any CPU.ActiveCfg = Debug|Any CPU
		{C3A07ABB-2BDB-4584-8328-16A39E29DCA0}.Debug|Any CPU.Build.0 = Debug|Any CPU
		{C3A07ABB-2BDB-4584-8328-16A39E29DCA0}.Release|Any CPU.ActiveCfg = Release|Any CPU
		{C3A07ABB-2BDB-4584-8328-16A39E29DCA0}.Release|Any CPU.Build.0 = Release|Any CPU
	EndGlobalSection
	GlobalSection(SolutionProperties) = preSolution
		HideSolutionNode = FALSE
	EndGlobalSection
	GlobalSection(ExtensibilityGlobals) = postSolution
		SolutionGuid = {2D5895E1-F3CD-420E-B5FF-BC110BB335D4}
	EndGlobalSection
EndGlobal
